
Microsoft Visual Studio Solution File, Format Version 12.00
# Visual Studio Express 2012 for Windows Desktop
Project("{FAE04EC0-301F-11D3-BF4B-00C04F79EFBC}") = "OrderOfWizardMonks", "OrderOfWizardMonks\OrderOfWizardMonks.csproj", "{4D44A76B-4EB8-463F-A09A-F69C3C3AC662}"
EndProject
Project("{FAE04EC0-301F-11D3-BF4B-00C04F79EFBC}") = "SkillViewer", "SkillViewer\SkillViewer.csproj", "{67716419-0EA5-4D1B-9860-ED5C19A3C964}"
EndProject
Project("{FAE04EC0-301F-11D3-BF4B-00C04F79EFBC}") = "OrderOfWizardMonks.Test", "OrderOfWizardMonks.Test\OrderOfWizardMonks.Test.csproj", "{BC6679C0-6172-4F18-BD1A-DE9AFD2D3BCB}"
EndProject
Project("{2150E333-8FDC-42A3-9474-1A3956D46DE8}") = "Solution Items", "Solution Items", "{7C3A308C-031A-4E88-9F9D-6AF11690A252}"
EndProject
Project("{FAE04EC0-301F-11D3-BF4B-00C04F79EFBC}") = "WorldSimulation", "WorldSimulation\WorldSimulation.csproj", "{D97D5FCA-40DF-4533-926C-0921EC93256F}"
EndProject
Global
	GlobalSection(TestCaseManagementSettings) = postSolution
		CategoryFile = AM2.vsmdi
	EndGlobalSection
	GlobalSection(SolutionConfigurationPlatforms) = preSolution
		Debug|Any CPU = Debug|Any CPU
		Debug|Mixed Platforms = Debug|Mixed Platforms
		Debug|x86 = Debug|x86
		Release|Any CPU = Release|Any CPU
		Release|Mixed Platforms = Release|Mixed Platforms
		Release|x86 = Release|x86
	EndGlobalSection
	GlobalSection(ProjectConfigurationPlatforms) = postSolution
		{4D44A76B-4EB8-463F-A09A-F69C3C3AC662}.Debug|Any CPU.ActiveCfg = Debug|Any CPU
		{4D44A76B-4EB8-463F-A09A-F69C3C3AC662}.Debug|Any CPU.Build.0 = Debug|Any CPU
		{4D44A76B-4EB8-463F-A09A-F69C3C3AC662}.Debug|Mixed Platforms.ActiveCfg = Debug|Any CPU
		{4D44A76B-4EB8-463F-A09A-F69C3C3AC662}.Debug|Mixed Platforms.Build.0 = Debug|Any CPU
		{4D44A76B-4EB8-463F-A09A-F69C3C3AC662}.Debug|x86.ActiveCfg = Debug|Any CPU
		{4D44A76B-4EB8-463F-A09A-F69C3C3AC662}.Release|Any CPU.ActiveCfg = Release|Any CPU
		{4D44A76B-4EB8-463F-A09A-F69C3C3AC662}.Release|Any CPU.Build.0 = Release|Any CPU
		{4D44A76B-4EB8-463F-A09A-F69C3C3AC662}.Release|Mixed Platforms.ActiveCfg = Release|Any CPU
		{4D44A76B-4EB8-463F-A09A-F69C3C3AC662}.Release|Mixed Platforms.Build.0 = Release|Any CPU
		{4D44A76B-4EB8-463F-A09A-F69C3C3AC662}.Release|x86.ActiveCfg = Release|Any CPU
		{67716419-0EA5-4D1B-9860-ED5C19A3C964}.Debug|Any CPU.ActiveCfg = Debug|x86
		{67716419-0EA5-4D1B-9860-ED5C19A3C964}.Debug|Mixed Platforms.ActiveCfg = Debug|x86
		{67716419-0EA5-4D1B-9860-ED5C19A3C964}.Debug|Mixed Platforms.Build.0 = Debug|x86
		{67716419-0EA5-4D1B-9860-ED5C19A3C964}.Debug|x86.ActiveCfg = Debug|x86
		{67716419-0EA5-4D1B-9860-ED5C19A3C964}.Debug|x86.Build.0 = Debug|x86
		{67716419-0EA5-4D1B-9860-ED5C19A3C964}.Release|Any CPU.ActiveCfg = Release|x86
		{67716419-0EA5-4D1B-9860-ED5C19A3C964}.Release|Mixed Platforms.ActiveCfg = Release|x86
		{67716419-0EA5-4D1B-9860-ED5C19A3C964}.Release|Mixed Platforms.Build.0 = Release|x86
		{67716419-0EA5-4D1B-9860-ED5C19A3C964}.Release|x86.ActiveCfg = Release|x86
		{67716419-0EA5-4D1B-9860-ED5C19A3C964}.Release|x86.Build.0 = Release|x86
		{BC6679C0-6172-4F18-BD1A-DE9AFD2D3BCB}.Debug|Any CPU.ActiveCfg = Debug|Any CPU
		{BC6679C0-6172-4F18-BD1A-DE9AFD2D3BCB}.Debug|Any CPU.Build.0 = Debug|Any CPU
		{BC6679C0-6172-4F18-BD1A-DE9AFD2D3BCB}.Debug|Mixed Platforms.ActiveCfg = Debug|Any CPU
		{BC6679C0-6172-4F18-BD1A-DE9AFD2D3BCB}.Debug|Mixed Platforms.Build.0 = Debug|Any CPU
		{BC6679C0-6172-4F18-BD1A-DE9AFD2D3BCB}.Debug|x86.ActiveCfg = Debug|Any CPU
		{BC6679C0-6172-4F18-BD1A-DE9AFD2D3BCB}.Release|Any CPU.ActiveCfg = Release|Any CPU
		{BC6679C0-6172-4F18-BD1A-DE9AFD2D3BCB}.Release|Any CPU.Build.0 = Release|Any CPU
		{BC6679C0-6172-4F18-BD1A-DE9AFD2D3BCB}.Release|Mixed Platforms.ActiveCfg = Release|Any CPU
		{BC6679C0-6172-4F18-BD1A-DE9AFD2D3BCB}.Release|Mixed Platforms.Build.0 = Release|Any CPU
		{BC6679C0-6172-4F18-BD1A-DE9AFD2D3BCB}.Release|x86.ActiveCfg = Release|Any CPU
		{D97D5FCA-40DF-4533-926C-0921EC93256F}.Debug|Any CPU.ActiveCfg = Debug|Any CPU
		{D97D5FCA-40DF-4533-926C-0921EC93256F}.Debug|Any CPU.Build.0 = Debug|Any CPU
		{D97D5FCA-40DF-4533-926C-0921EC93256F}.Debug|Mixed Platforms.ActiveCfg = Debug|Any CPU
		{D97D5FCA-40DF-4533-926C-0921EC93256F}.Debug|Mixed Platforms.Build.0 = Debug|Any CPU
		{D97D5FCA-40DF-4533-926C-0921EC93256F}.Debug|x86.ActiveCfg = Debug|Any CPU
		{D97D5FCA-40DF-4533-926C-0921EC93256F}.Release|Any CPU.ActiveCfg = Release|Any CPU
		{D97D5FCA-40DF-4533-926C-0921EC93256F}.Release|Any CPU.Build.0 = Release|Any CPU
		{D97D5FCA-40DF-4533-926C-0921EC93256F}.Release|Mixed Platforms.ActiveCfg = Release|Any CPU
		{D97D5FCA-40DF-4533-926C-0921EC93256F}.Release|Mixed Platforms.Build.0 = Release|Any CPU
		{D97D5FCA-40DF-4533-926C-0921EC93256F}.Release|x86.ActiveCfg = Release|Any CPU
	EndGlobalSection
	GlobalSection(SolutionProperties) = preSolution
		HideSolutionNode = FALSE
	EndGlobalSection
EndGlobal
